
Microsoft Visual Studio Solution File, Format Version 12.00
# Visual Studio Version 17
VisualStudioVersion = 17.13.35825.156 d17.13
MinimumVisualStudioVersion = 10.0.40219.1
Project("{FAE04EC0-301F-11D3-BF4B-00C04F79EFBC}") = "TextRPG_Week3", "TextRPG_Week3\TextRPG_Week3.csproj", "{15F13EC0-CB95-480B-9DB0-B1446D25778F}"
EndProject
Global
	GlobalSection(SolutionConfigurationPlatforms) = preSolution
		Debug|Any CPU = Debug|Any CPU
		Release|Any CPU = Release|Any CPU
	EndGlobalSection
	GlobalSection(ProjectConfigurationPlatforms) = postSolution
		{15F13EC0-CB95-480B-9DB0-B1446D25778F}.Debug|Any CPU.ActiveCfg = Debug|Any CPU
		{15F13EC0-CB95-480B-9DB0-B1446D25778F}.Debug|Any CPU.Build.0 = Debug|Any CPU
		{15F13EC0-CB95-480B-9DB0-B1446D25778F}.Release|Any CPU.ActiveCfg = Release|Any CPU
		{15F13EC0-CB95-480B-9DB0-B1446D25778F}.Release|Any CPU.Build.0 = Release|Any CPU
	EndGlobalSection
	GlobalSection(SolutionProperties) = preSolution
		HideSolutionNode = FALSE
	EndGlobalSection
	GlobalSection(ExtensibilityGlobals) = postSolution
		SolutionGuid = {6B1EFA67-B9D6-4A16-B131-442FAF7E150C}
	EndGlobalSection
EndGlobal
